<Solution>
  <Folder Name="/benchmarks/">
    <Project Path="benchmarks/Sparc.Benchmarks/Sparc.Benchmarks.csproj" />
  </Folder>
  <Folder Name="/src/">
    <Project Path="src/Sparc.Abstractions/Sparc.Abstractions.csproj" />
    <Project Path="src/Sparc.Analyzers/Sparc.Analyzers.csproj" />
    <Project Path="src/Sparc.Channels/Sparc.Channels.csproj" />
    <Project Path="src/Sparc.InMemory/Sparc.InMemory.csproj" />
    <Project Path="src/Sparc.UnixMemoryMapped/Sparc.UnixMemoryMapped.csproj" />
    <Project Path="src/Sparc.WindowsMemoryMapped/Sparc.WindowsMemoryMapped.csproj" />
    <Project Path="src/Sparc.Client/Sparc.Client.csproj" />
    <Project Path="src/Sparc.Core/Sparc.Core.csproj" />
    <Project Path="src/Sparc.Hosting/Sparc.Hosting.csproj" />
    <Project Path="src/Sparc.Testing/Sparc.Testing.csproj" />
  </Folder>
  <Folder Name="/tools/">
    <Project Path="tools/Sparc.Consumer/Sparc.Consumer.csproj" />
    <Project Path="tools/Sparc.Producer/Sparc.Producer.csproj" />
  </Folder>
  <Folder Name="/tests/">
    <Project Path="tests/Sparc.ConcurrencyTests/Sparc.ConcurrencyTests.csproj" />
    <Project Path="tests/Sparc.ProcessTests/Sparc.ProcessTests.csproj" />
    <Project Path="tests/Sparc.UnitTests/Sparc.UnitTests.csproj" />
  </Folder>
</Solution>
