<Solution>
  <Folder Name="/samples/">
    <Project Path="samples/Sparc.WebApp/Sparc.WebApp.csproj" />
  </Folder>
  <Folder Name="/samples/yarp/">
    <Project Path="samples/yarp/Sparc.YarpProxy/Sparc.YarpProxy.csproj" />
    <Project Path="samples/yarp/Sparc.YarpConsumer/Sparc.YarpConsumer.csproj" />
  </Folder>
</Solution>
