<Solution>
  <Folder Name="/benchmarks/">
    <Project Path="benchmarks/RingBuffer.Benchmarks/RingBuffer.Benchmarks.csproj" />
  </Folder>
  <Folder Name="/src/">
    <Project Path="src/Ipc.Abstractions/Ipc.Abstractions.csproj" />
    <Project Path="src/Ipc.WindowsMemoryMapped/Ipc.WindowsMemoryMapped.csproj" />
    <Project Path="src/RingBuffer.Client/RingBuffer.Client.csproj" />
    <Project Path="src/RingBuffer.Consumer/RingBuffer.Consumer.csproj" />
    <Project Path="src/RingBuffer.Core/RingBuffer.Core.csproj" />
    <Project Path="src/RingBuffer.Producer/RingBuffer.Producer.csproj" />
    <Project Path="src/RingBuffer.SharedMemory/RingBuffer.SharedMemory.csproj" />
  </Folder>
  <Folder Name="/tests/">
    <Project Path="tests/RingBuffer.ConcurrencyTests/RingBuffer.ConcurrencyTests.csproj" />
    <Project Path="tests/RingBuffer.ProcessTests/RingBuffer.ProcessTests.csproj" />
    <Project Path="tests/RingBuffer.UnitTests/RingBuffer.UnitTests.csproj" />
  </Folder>
</Solution>
